// !$*UTF8*$!
{
	archiveVersion = 1;
	classes = {
	};
	objectVersion = 50;
	objects = {

/* Begin PBXBuildFile section */
		7030669421C6A23F007488C8 /* PasswordError.swift in Sources */ = {isa = PBXBuildFile; fileRef = 7030669321C6A23F007488C8 /* PasswordError.swift */; };
		7030669621C6AEBF007488C8 /* OnePasswordError.swift in Sources */ = {isa = PBXBuildFile; fileRef = 7030669521C6AEBF007488C8 /* OnePasswordError.swift */; };
		7038FD9221B85C9100AE26BA /* PasswordListItem.swift in Sources */ = {isa = PBXBuildFile; fileRef = 7038FD9121B85C9100AE26BA /* PasswordListItem.swift */; };
		7038FD9421B8657300AE26BA /* PasswordLibrary.swift in Sources */ = {isa = PBXBuildFile; fileRef = 7038FD9321B8657300AE26BA /* PasswordLibrary.swift */; };
		7038FD9621B8734500AE26BA /* PasswordLibraryFactory.swift in Sources */ = {isa = PBXBuildFile; fileRef = 7038FD9521B8734500AE26BA /* PasswordLibraryFactory.swift */; };
		7038FD9821B89B7B00AE26BA /* OPListItem.swift in Sources */ = {isa = PBXBuildFile; fileRef = 7038FD9721B89B7B00AE26BA /* OPListItem.swift */; };
		7038FD9A21B89EA200AE26BA /* OPPasswordItem.swift in Sources */ = {isa = PBXBuildFile; fileRef = 7038FD9921B89EA200AE26BA /* OPPasswordItem.swift */; };
		7038FD9E21B9A43400AE26BA /* OnePasswordConfig.swift in Sources */ = {isa = PBXBuildFile; fileRef = 7038FD9D21B9A43400AE26BA /* OnePasswordConfig.swift */; };
		7038FDA321B9A4C600AE26BA /* OnePasswordSessionManager.swift in Sources */ = {isa = PBXBuildFile; fileRef = 7038FDA221B9A4C600AE26BA /* OnePasswordSessionManager.swift */; };
		7038FDA521BAD63400AE26BA /* BashUtility.swift in Sources */ = {isa = PBXBuildFile; fileRef = 7038FDA421BAD63400AE26BA /* BashUtility.swift */; };
		706E89EC21CDA294009A633C /* OnePasswordCli.swift in Sources */ = {isa = PBXBuildFile; fileRef = 706E89EB21CDA294009A633C /* OnePasswordCli.swift */; };
		706E89F421CDA479009A633C /* OnePasswordLibraryTests.swift in Sources */ = {isa = PBXBuildFile; fileRef = 706E89F321CDA479009A633C /* OnePasswordLibraryTests.swift */; };
		706E89FC21CDD979009A633C /* BashUtilitySpy.swift in Sources */ = {isa = PBXBuildFile; fileRef = 706E89FB21CDD979009A633C /* BashUtilitySpy.swift */; };
		706E89FF21CDE137009A633C /* OnePasswordSessionManagerSpy.swift in Sources */ = {isa = PBXBuildFile; fileRef = 706E89FE21CDE137009A633C /* OnePasswordSessionManagerSpy.swift */; };
		706E8A0221CEC6F4009A633C /* GetPasswordResponses.swift in Sources */ = {isa = PBXBuildFile; fileRef = 706E8A0121CEC6F4009A633C /* GetPasswordResponses.swift */; };
		7090347421A86914002C3FF1 /* Log.swift in Sources */ = {isa = PBXBuildFile; fileRef = 7090347321A86914002C3FF1 /* Log.swift */; };
		7090347721A8A4AC002C3FF1 /* OnePasswordLibrary.swift in Sources */ = {isa = PBXBuildFile; fileRef = 7090347621A8A4AC002C3FF1 /* OnePasswordLibrary.swift */; };
		70969B8121A842E200E7D011 /* MainWindowController.swift in Sources */ = {isa = PBXBuildFile; fileRef = 70969B8021A842E200E7D011 /* MainWindowController.swift */; };
		70969B8521A8473100E7D011 /* PasswordPromptController.swift in Sources */ = {isa = PBXBuildFile; fileRef = 70969B8421A8473100E7D011 /* PasswordPromptController.swift */; };
		7096F33421BB37140048585D /* OnePasswordConfigManager.swift in Sources */ = {isa = PBXBuildFile; fileRef = 7096F33321BB37140048585D /* OnePasswordConfigManager.swift */; };
		70AE4EA921BC1C0F009BE836 /* README.md in Resources */ = {isa = PBXBuildFile; fileRef = 70AE4EA821BC1C0F009BE836 /* README.md */; };
		70C7843A21D99810003AC37C /* KeyCodes.swift in Sources */ = {isa = PBXBuildFile; fileRef = 70C7843921D99810003AC37C /* KeyCodes.swift */; };
		70C7844221DA8197003AC37C /* SudoKingUITests.swift in Sources */ = {isa = PBXBuildFile; fileRef = 70C7844121DA8197003AC37C /* SudoKingUITests.swift */; };
		70CC0C5921D8148B00BBE531 /* ListItemsResponse.swift in Sources */ = {isa = PBXBuildFile; fileRef = 70CC0C5821D8148B00BBE531 /* ListItemsResponse.swift */; };
		B2A6DF7F21A6083C0033BB21 /* PasswordListController.swift in Sources */ = {isa = PBXBuildFile; fileRef = B2A6DF7D21A6083C0033BB21 /* PasswordListController.swift */; };
		B2BA67032199EC6A00ABC44A /* AppDelegate.swift in Sources */ = {isa = PBXBuildFile; fileRef = B2BA67022199EC6A00ABC44A /* AppDelegate.swift */; };
		B2BA67072199EC6B00ABC44A /* Assets.xcassets in Resources */ = {isa = PBXBuildFile; fileRef = B2BA67062199EC6B00ABC44A /* Assets.xcassets */; };
		B2BA670A2199EC6C00ABC44A /* Main.storyboard in Resources */ = {isa = PBXBuildFile; fileRef = B2BA67082199EC6C00ABC44A /* Main.storyboard */; };
/* End PBXBuildFile section */

/* Begin PBXContainerItemProxy section */
		706E89F621CDA479009A633C /* PBXContainerItemProxy */ = {
			isa = PBXContainerItemProxy;
			containerPortal = B2BA66F72199EC6A00ABC44A /* Project object */;
			proxyType = 1;
			remoteGlobalIDString = B2BA66FE2199EC6A00ABC44A;
			remoteInfo = SudoKing;
		};
		70C7844421DA8197003AC37C /* PBXContainerItemProxy */ = {
			isa = PBXContainerItemProxy;
			containerPortal = B2BA66F72199EC6A00ABC44A /* Project object */;
			proxyType = 1;
			remoteGlobalIDString = B2BA66FE2199EC6A00ABC44A;
			remoteInfo = SudoKing;
		};
/* End PBXContainerItemProxy section */

/* Begin PBXFileReference section */
		7030669321C6A23F007488C8 /* PasswordError.swift */ = {isa = PBXFileReference; lastKnownFileType = sourcecode.swift; path = PasswordError.swift; sourceTree = "<group>"; };
		7030669521C6AEBF007488C8 /* OnePasswordError.swift */ = {isa = PBXFileReference; fileEncoding = 4; lastKnownFileType = sourcecode.swift; path = OnePasswordError.swift; sourceTree = "<group>"; };
		7038FD9121B85C9100AE26BA /* PasswordListItem.swift */ = {isa = PBXFileReference; lastKnownFileType = sourcecode.swift; path = PasswordListItem.swift; sourceTree = "<group>"; };
		7038FD9321B8657300AE26BA /* PasswordLibrary.swift */ = {isa = PBXFileReference; lastKnownFileType = sourcecode.swift; path = PasswordLibrary.swift; sourceTree = "<group>"; };
		7038FD9521B8734500AE26BA /* PasswordLibraryFactory.swift */ = {isa = PBXFileReference; lastKnownFileType = sourcecode.swift; path = PasswordLibraryFactory.swift; sourceTree = "<group>"; };
		7038FD9721B89B7B00AE26BA /* OPListItem.swift */ = {isa = PBXFileReference; lastKnownFileType = sourcecode.swift; path = OPListItem.swift; sourceTree = "<group>"; };
		7038FD9921B89EA200AE26BA /* OPPasswordItem.swift */ = {isa = PBXFileReference; lastKnownFileType = sourcecode.swift; path = OPPasswordItem.swift; sourceTree = "<group>"; };
		7038FD9D21B9A43400AE26BA /* OnePasswordConfig.swift */ = {isa = PBXFileReference; lastKnownFileType = sourcecode.swift; path = OnePasswordConfig.swift; sourceTree = "<group>"; };
		7038FDA221B9A4C600AE26BA /* OnePasswordSessionManager.swift */ = {isa = PBXFileReference; lastKnownFileType = sourcecode.swift; path = OnePasswordSessionManager.swift; sourceTree = "<group>"; };
		7038FDA421BAD63400AE26BA /* BashUtility.swift */ = {isa = PBXFileReference; lastKnownFileType = sourcecode.swift; path = BashUtility.swift; sourceTree = "<group>"; };
		703B26B121F388460001855A /* version.sh */ = {isa = PBXFileReference; lastKnownFileType = text.script.sh; path = version.sh; sourceTree = "<group>"; };
		703B26B321F38E670001855A /* sudoking.sh */ = {isa = PBXFileReference; lastKnownFileType = text.script.sh; path = sudoking.sh; sourceTree = "<group>"; };
		703B26B621F3F18A0001855A /* sudoking-configure-iterm.gif */ = {isa = PBXFileReference; lastKnownFileType = image.gif; path = "sudoking-configure-iterm.gif"; sourceTree = "<group>"; };
		706E89EB21CDA294009A633C /* OnePasswordCli.swift */ = {isa = PBXFileReference; lastKnownFileType = sourcecode.swift; path = OnePasswordCli.swift; sourceTree = "<group>"; };
		706E89F121CDA479009A633C /* SudoKingTests.xctest */ = {isa = PBXFileReference; explicitFileType = wrapper.cfbundle; includeInIndex = 0; path = SudoKingTests.xctest; sourceTree = BUILT_PRODUCTS_DIR; };
		706E89F321CDA479009A633C /* OnePasswordLibraryTests.swift */ = {isa = PBXFileReference; lastKnownFileType = sourcecode.swift; path = OnePasswordLibraryTests.swift; sourceTree = "<group>"; };
		706E89F521CDA479009A633C /* Info.plist */ = {isa = PBXFileReference; lastKnownFileType = text.plist.xml; path = Info.plist; sourceTree = "<group>"; };
		706E89FB21CDD979009A633C /* BashUtilitySpy.swift */ = {isa = PBXFileReference; lastKnownFileType = sourcecode.swift; path = BashUtilitySpy.swift; sourceTree = "<group>"; };
		706E89FE21CDE137009A633C /* OnePasswordSessionManagerSpy.swift */ = {isa = PBXFileReference; lastKnownFileType = sourcecode.swift; path = OnePasswordSessionManagerSpy.swift; sourceTree = "<group>"; };
		706E8A0121CEC6F4009A633C /* GetPasswordResponses.swift */ = {isa = PBXFileReference; lastKnownFileType = sourcecode.swift; path = GetPasswordResponses.swift; sourceTree = "<group>"; };
		7090347321A86914002C3FF1 /* Log.swift */ = {isa = PBXFileReference; lastKnownFileType = sourcecode.swift; path = Log.swift; sourceTree = "<group>"; };
		7090347621A8A4AC002C3FF1 /* OnePasswordLibrary.swift */ = {isa = PBXFileReference; lastKnownFileType = sourcecode.swift; path = OnePasswordLibrary.swift; sourceTree = "<group>"; };
		70969B8021A842E200E7D011 /* MainWindowController.swift */ = {isa = PBXFileReference; lastKnownFileType = sourcecode.swift; path = MainWindowController.swift; sourceTree = "<group>"; };
		70969B8421A8473100E7D011 /* PasswordPromptController.swift */ = {isa = PBXFileReference; lastKnownFileType = sourcecode.swift; path = PasswordPromptController.swift; sourceTree = "<group>"; };
		7096F33321BB37140048585D /* OnePasswordConfigManager.swift */ = {isa = PBXFileReference; lastKnownFileType = sourcecode.swift; path = OnePasswordConfigManager.swift; sourceTree = "<group>"; };
		70AE4EA821BC1C0F009BE836 /* README.md */ = {isa = PBXFileReference; fileEncoding = 4; lastKnownFileType = net.daringfireball.markdown; path = README.md; sourceTree = "<group>"; };
		70C7843921D99810003AC37C /* KeyCodes.swift */ = {isa = PBXFileReference; lastKnownFileType = sourcecode.swift; path = KeyCodes.swift; sourceTree = "<group>"; };
		70C7843F21DA8197003AC37C /* SudoKingUITests.xctest */ = {isa = PBXFileReference; explicitFileType = wrapper.cfbundle; includeInIndex = 0; path = SudoKingUITests.xctest; sourceTree = BUILT_PRODUCTS_DIR; };
		70C7844121DA8197003AC37C /* SudoKingUITests.swift */ = {isa = PBXFileReference; lastKnownFileType = sourcecode.swift; path = SudoKingUITests.swift; sourceTree = "<group>"; };
		70C7844321DA8197003AC37C /* Info.plist */ = {isa = PBXFileReference; lastKnownFileType = text.plist.xml; path = Info.plist; sourceTree = "<group>"; };
		70CC0C5821D8148B00BBE531 /* ListItemsResponse.swift */ = {isa = PBXFileReference; lastKnownFileType = sourcecode.swift; path = ListItemsResponse.swift; sourceTree = "<group>"; };
		B2A6DF7D21A6083C0033BB21 /* PasswordListController.swift */ = {isa = PBXFileReference; lastKnownFileType = sourcecode.swift; path = PasswordListController.swift; sourceTree = "<group>"; };
		B2BA66FF2199EC6A00ABC44A /* SudoKing.app */ = {isa = PBXFileReference; explicitFileType = wrapper.application; includeInIndex = 0; path = SudoKing.app; sourceTree = BUILT_PRODUCTS_DIR; };
		B2BA67022199EC6A00ABC44A /* AppDelegate.swift */ = {isa = PBXFileReference; lastKnownFileType = sourcecode.swift; path = AppDelegate.swift; sourceTree = "<group>"; };
		B2BA67062199EC6B00ABC44A /* Assets.xcassets */ = {isa = PBXFileReference; lastKnownFileType = folder.assetcatalog; path = Assets.xcassets; sourceTree = "<group>"; };
		B2BA67092199EC6C00ABC44A /* Base */ = {isa = PBXFileReference; lastKnownFileType = file.storyboard; name = Base; path = Base.lproj/Main.storyboard; sourceTree = "<group>"; };
		B2BA670B2199EC6C00ABC44A /* Info.plist */ = {isa = PBXFileReference; lastKnownFileType = text.plist.xml; path = Info.plist; sourceTree = "<group>"; };
		B2BA670C2199EC6C00ABC44A /* SudoKing.entitlements */ = {isa = PBXFileReference; lastKnownFileType = text.plist.entitlements; path = SudoKing.entitlements; sourceTree = "<group>"; };
/* End PBXFileReference section */

/* Begin PBXFrameworksBuildPhase section */
		706E89EE21CDA479009A633C /* Frameworks */ = {
			isa = PBXFrameworksBuildPhase;
			buildActionMask = 2147483647;
			files = (
			);
			runOnlyForDeploymentPostprocessing = 0;
		};
		70C7843C21DA8197003AC37C /* Frameworks */ = {
			isa = PBXFrameworksBuildPhase;
			buildActionMask = 2147483647;
			files = (
			);
			runOnlyForDeploymentPostprocessing = 0;
		};
		B2BA66FC2199EC6A00ABC44A /* Frameworks */ = {
			isa = PBXFrameworksBuildPhase;
			buildActionMask = 2147483647;
			files = (
			);
			runOnlyForDeploymentPostprocessing = 0;
		};
/* End PBXFrameworksBuildPhase section */

/* Begin PBXGroup section */
		7038FD8F21B85C6700AE26BA /* PasswordLibrary */ = {
			isa = PBXGroup;
			children = (
				7038FD9021B85C7700AE26BA /* OnePassword */,
				7038FD9121B85C9100AE26BA /* PasswordListItem.swift */,
				7038FD9321B8657300AE26BA /* PasswordLibrary.swift */,
				7038FD9521B8734500AE26BA /* PasswordLibraryFactory.swift */,
				7030669321C6A23F007488C8 /* PasswordError.swift */,
			);
			path = PasswordLibrary;
			sourceTree = "<group>";
		};
		7038FD9021B85C7700AE26BA /* OnePassword */ = {
			isa = PBXGroup;
			children = (
				7030669521C6AEBF007488C8 /* OnePasswordError.swift */,
				7090347621A8A4AC002C3FF1 /* OnePasswordLibrary.swift */,
				7038FD9721B89B7B00AE26BA /* OPListItem.swift */,
				7038FD9921B89EA200AE26BA /* OPPasswordItem.swift */,
				7038FD9D21B9A43400AE26BA /* OnePasswordConfig.swift */,
				7038FDA221B9A4C600AE26BA /* OnePasswordSessionManager.swift */,
				7096F33321BB37140048585D /* OnePasswordConfigManager.swift */,
				706E89EB21CDA294009A633C /* OnePasswordCli.swift */,
			);
			path = OnePassword;
			sourceTree = "<group>";
		};
		703B26B221F38D4E0001855A /* homebrew */ = {
			isa = PBXGroup;
			children = (
				703B26B121F388460001855A /* version.sh */,
				703B26B321F38E670001855A /* sudoking.sh */,
			);
			path = homebrew;
			sourceTree = "<group>";
		};
		703B26B421F3F12B0001855A /* img */ = {
			isa = PBXGroup;
			children = (
				703B26B621F3F18A0001855A /* sudoking-configure-iterm.gif */,
			);
			path = img;
			sourceTree = "<group>";
		};
		706E89F221CDA479009A633C /* SudoKingTests */ = {
			isa = PBXGroup;
			children = (
				706E8A0021CEC6CF009A633C /* fixtures */,
				706E89FD21CDE0DD009A633C /* spys */,
				706E89F321CDA479009A633C /* OnePasswordLibraryTests.swift */,
				706E89F521CDA479009A633C /* Info.plist */,
			);
			path = SudoKingTests;
			sourceTree = "<group>";
		};
		706E89FD21CDE0DD009A633C /* spys */ = {
			isa = PBXGroup;
			children = (
				706E89FB21CDD979009A633C /* BashUtilitySpy.swift */,
				706E89FE21CDE137009A633C /* OnePasswordSessionManagerSpy.swift */,
			);
			path = spys;
			sourceTree = "<group>";
		};
		706E8A0021CEC6CF009A633C /* fixtures */ = {
			isa = PBXGroup;
			children = (
				706E8A0121CEC6F4009A633C /* GetPasswordResponses.swift */,
				70CC0C5821D8148B00BBE531 /* ListItemsResponse.swift */,
			);
			path = fixtures;
			sourceTree = "<group>";
		};
		7090347221A866E5002C3FF1 /* Utilities */ = {
			isa = PBXGroup;
			children = (
				7038FD8F21B85C6700AE26BA /* PasswordLibrary */,
				7090347321A86914002C3FF1 /* Log.swift */,
				7038FDA421BAD63400AE26BA /* BashUtility.swift */,
				70C7843921D99810003AC37C /* KeyCodes.swift */,
			);
			path = Utilities;
			sourceTree = "<group>";
		};
		70969B7F21A8415300E7D011 /* Controllers */ = {
			isa = PBXGroup;
			children = (
				B2A6DF7D21A6083C0033BB21 /* PasswordListController.swift */,
				70969B8021A842E200E7D011 /* MainWindowController.swift */,
				70969B8421A8473100E7D011 /* PasswordPromptController.swift */,
			);
			path = Controllers;
			sourceTree = "<group>";
		};
		70C7844021DA8197003AC37C /* SudoKingUITests */ = {
			isa = PBXGroup;
			children = (
				70C7844121DA8197003AC37C /* SudoKingUITests.swift */,
				70C7844321DA8197003AC37C /* Info.plist */,
			);
			path = SudoKingUITests;
			sourceTree = "<group>";
		};
		B2BA66F62199EC6A00ABC44A = {
			isa = PBXGroup;
			children = (
				703B26B421F3F12B0001855A /* img */,
				703B26B221F38D4E0001855A /* homebrew */,
				B2BA67012199EC6A00ABC44A /* SudoKing */,
				706E89F221CDA479009A633C /* SudoKingTests */,
				70C7844021DA8197003AC37C /* SudoKingUITests */,
				B2BA67002199EC6A00ABC44A /* Products */,
				70AE4EA821BC1C0F009BE836 /* README.md */,
			);
			sourceTree = "<group>";
		};
		B2BA67002199EC6A00ABC44A /* Products */ = {
			isa = PBXGroup;
			children = (
				B2BA66FF2199EC6A00ABC44A /* SudoKing.app */,
				706E89F121CDA479009A633C /* SudoKingTests.xctest */,
				70C7843F21DA8197003AC37C /* SudoKingUITests.xctest */,
			);
			name = Products;
			sourceTree = "<group>";
		};
		B2BA67012199EC6A00ABC44A /* SudoKing */ = {
			isa = PBXGroup;
			children = (
				7090347221A866E5002C3FF1 /* Utilities */,
				70969B7F21A8415300E7D011 /* Controllers */,
				B2BA67022199EC6A00ABC44A /* AppDelegate.swift */,
				B2BA67062199EC6B00ABC44A /* Assets.xcassets */,
				B2BA670B2199EC6C00ABC44A /* Info.plist */,
				B2BA670C2199EC6C00ABC44A /* SudoKing.entitlements */,
				B2BA67082199EC6C00ABC44A /* Main.storyboard */,
			);
			path = SudoKing;
			sourceTree = "<group>";
		};
/* End PBXGroup section */

/* Begin PBXNativeTarget section */
		706E89F021CDA479009A633C /* SudoKingTests */ = {
			isa = PBXNativeTarget;
			buildConfigurationList = 706E89FA21CDA479009A633C /* Build configuration list for PBXNativeTarget "SudoKingTests" */;
			buildPhases = (
				706E89ED21CDA479009A633C /* Sources */,
				706E89EE21CDA479009A633C /* Frameworks */,
				706E89EF21CDA479009A633C /* Resources */,
			);
			buildRules = (
			);
			dependencies = (
				706E89F721CDA479009A633C /* PBXTargetDependency */,
			);
			name = SudoKingTests;
			productName = SudoKingTests;
			productReference = 706E89F121CDA479009A633C /* SudoKingTests.xctest */;
			productType = "com.apple.product-type.bundle.unit-test";
		};
		70C7843E21DA8197003AC37C /* SudoKingUITests */ = {
			isa = PBXNativeTarget;
			buildConfigurationList = 70C7844821DA8197003AC37C /* Build configuration list for PBXNativeTarget "SudoKingUITests" */;
			buildPhases = (
				70C7843B21DA8197003AC37C /* Sources */,
				70C7843C21DA8197003AC37C /* Frameworks */,
				70C7843D21DA8197003AC37C /* Resources */,
			);
			buildRules = (
			);
			dependencies = (
				70C7844521DA8197003AC37C /* PBXTargetDependency */,
			);
			name = SudoKingUITests;
			productName = SudoKingUITests;
			productReference = 70C7843F21DA8197003AC37C /* SudoKingUITests.xctest */;
			productType = "com.apple.product-type.bundle.ui-testing";
		};
		B2BA66FE2199EC6A00ABC44A /* SudoKing */ = {
			isa = PBXNativeTarget;
			buildConfigurationList = B2BA67252199EC6C00ABC44A /* Build configuration list for PBXNativeTarget "SudoKing" */;
			buildPhases = (
				B2BA66FB2199EC6A00ABC44A /* Sources */,
				B2BA66FC2199EC6A00ABC44A /* Frameworks */,
				B2BA66FD2199EC6A00ABC44A /* Resources */,
			);
			buildRules = (
			);
			dependencies = (
			);
			name = SudoKing;
			productName = SudoKing;
			productReference = B2BA66FF2199EC6A00ABC44A /* SudoKing.app */;
			productType = "com.apple.product-type.application";
		};
/* End PBXNativeTarget section */

/* Begin PBXProject section */
		B2BA66F72199EC6A00ABC44A /* Project object */ = {
			isa = PBXProject;
			attributes = {
				LastSwiftUpdateCheck = 1010;
				LastUpgradeCheck = 1010;
				ORGANIZATIONNAME = "Russell Teabeault";
				TargetAttributes = {
					706E89F021CDA479009A633C = {
						CreatedOnToolsVersion = 10.1;
						TestTargetID = B2BA66FE2199EC6A00ABC44A;
					};
					70C7843E21DA8197003AC37C = {
						CreatedOnToolsVersion = 10.1;
						TestTargetID = B2BA66FE2199EC6A00ABC44A;
					};
					B2BA66FE2199EC6A00ABC44A = {
						CreatedOnToolsVersion = 10.1;
						SystemCapabilities = {
							com.apple.Sandbox = {
								enabled = 0;
							};
						};
					};
				};
			};
			buildConfigurationList = B2BA66FA2199EC6A00ABC44A /* Build configuration list for PBXProject "SudoKing" */;
			compatibilityVersion = "Xcode 9.3";
			developmentRegion = en;
			hasScannedForEncodings = 0;
			knownRegions = (
				en,
				Base,
			);
			mainGroup = B2BA66F62199EC6A00ABC44A;
			productRefGroup = B2BA67002199EC6A00ABC44A /* Products */;
			projectDirPath = "";
			projectRoot = "";
			targets = (
				B2BA66FE2199EC6A00ABC44A /* SudoKing */,
				706E89F021CDA479009A633C /* SudoKingTests */,
				70C7843E21DA8197003AC37C /* SudoKingUITests */,
			);
		};
/* End PBXProject section */

/* Begin PBXResourcesBuildPhase section */
		706E89EF21CDA479009A633C /* Resources */ = {
			isa = PBXResourcesBuildPhase;
			buildActionMask = 2147483647;
			files = (
			);
			runOnlyForDeploymentPostprocessing = 0;
		};
		70C7843D21DA8197003AC37C /* Resources */ = {
			isa = PBXResourcesBuildPhase;
			buildActionMask = 2147483647;
			files = (
			);
			runOnlyForDeploymentPostprocessing = 0;
		};
		B2BA66FD2199EC6A00ABC44A /* Resources */ = {
			isa = PBXResourcesBuildPhase;
			buildActionMask = 2147483647;
			files = (
				70AE4EA921BC1C0F009BE836 /* README.md in Resources */,
				B2BA67072199EC6B00ABC44A /* Assets.xcassets in Resources */,
				B2BA670A2199EC6C00ABC44A /* Main.storyboard in Resources */,
			);
			runOnlyForDeploymentPostprocessing = 0;
		};
/* End PBXResourcesBuildPhase section */

/* Begin PBXSourcesBuildPhase section */
		706E89ED21CDA479009A633C /* Sources */ = {
			isa = PBXSourcesBuildPhase;
			buildActionMask = 2147483647;
			files = (
				70CC0C5921D8148B00BBE531 /* ListItemsResponse.swift in Sources */,
				706E89F421CDA479009A633C /* OnePasswordLibraryTests.swift in Sources */,
				706E89FF21CDE137009A633C /* OnePasswordSessionManagerSpy.swift in Sources */,
				706E8A0221CEC6F4009A633C /* GetPasswordResponses.swift in Sources */,
				706E89FC21CDD979009A633C /* BashUtilitySpy.swift in Sources */,
			);
			runOnlyForDeploymentPostprocessing = 0;
		};
		70C7843B21DA8197003AC37C /* Sources */ = {
			isa = PBXSourcesBuildPhase;
			buildActionMask = 2147483647;
			files = (
				70C7844221DA8197003AC37C /* SudoKingUITests.swift in Sources */,
			);
			runOnlyForDeploymentPostprocessing = 0;
		};
		B2BA66FB2199EC6A00ABC44A /* Sources */ = {
			isa = PBXSourcesBuildPhase;
			buildActionMask = 2147483647;
			files = (
				7038FD9421B8657300AE26BA /* PasswordLibrary.swift in Sources */,
				7038FD9A21B89EA200AE26BA /* OPPasswordItem.swift in Sources */,
				7038FDA521BAD63400AE26BA /* BashUtility.swift in Sources */,
				7038FDA321B9A4C600AE26BA /* OnePasswordSessionManager.swift in Sources */,
				7038FD9621B8734500AE26BA /* PasswordLibraryFactory.swift in Sources */,
				70C7843A21D99810003AC37C /* KeyCodes.swift in Sources */,
				7090347421A86914002C3FF1 /* Log.swift in Sources */,
				7096F33421BB37140048585D /* OnePasswordConfigManager.swift in Sources */,
				7090347721A8A4AC002C3FF1 /* OnePasswordLibrary.swift in Sources */,
				7038FD9221B85C9100AE26BA /* PasswordListItem.swift in Sources */,
				7038FD9821B89B7B00AE26BA /* OPListItem.swift in Sources */,
				B2A6DF7F21A6083C0033BB21 /* PasswordListController.swift in Sources */,
				B2BA67032199EC6A00ABC44A /* AppDelegate.swift in Sources */,
				7038FD9E21B9A43400AE26BA /* OnePasswordConfig.swift in Sources */,
				7030669621C6AEBF007488C8 /* OnePasswordError.swift in Sources */,
				706E89EC21CDA294009A633C /* OnePasswordCli.swift in Sources */,
				70969B8521A8473100E7D011 /* PasswordPromptController.swift in Sources */,
				7030669421C6A23F007488C8 /* PasswordError.swift in Sources */,
				70969B8121A842E200E7D011 /* MainWindowController.swift in Sources */,
			);
			runOnlyForDeploymentPostprocessing = 0;
		};
/* End PBXSourcesBuildPhase section */

/* Begin PBXTargetDependency section */
		706E89F721CDA479009A633C /* PBXTargetDependency */ = {
			isa = PBXTargetDependency;
			target = B2BA66FE2199EC6A00ABC44A /* SudoKing */;
			targetProxy = 706E89F621CDA479009A633C /* PBXContainerItemProxy */;
		};
		70C7844521DA8197003AC37C /* PBXTargetDependency */ = {
			isa = PBXTargetDependency;
			target = B2BA66FE2199EC6A00ABC44A /* SudoKing */;
			targetProxy = 70C7844421DA8197003AC37C /* PBXContainerItemProxy */;
		};
/* End PBXTargetDependency section */

/* Begin PBXVariantGroup section */
		B2BA67082199EC6C00ABC44A /* Main.storyboard */ = {
			isa = PBXVariantGroup;
			children = (
				B2BA67092199EC6C00ABC44A /* Base */,
			);
			name = Main.storyboard;
			sourceTree = "<group>";
		};
/* End PBXVariantGroup section */

/* Begin XCBuildConfiguration section */
		706E89F821CDA479009A633C /* Debug */ = {
			isa = XCBuildConfiguration;
			buildSettings = {
				BUNDLE_LOADER = "$(TEST_HOST)";
				CODE_SIGN_STYLE = Automatic;
				COMBINE_HIDPI_IMAGES = YES;
				INFOPLIST_FILE = SudoKingTests/Info.plist;
				LD_RUNPATH_SEARCH_PATHS = (
					"$(inherited)",
					"@executable_path/../Frameworks",
					"@loader_path/../Frameworks",
				);
				PRODUCT_BUNDLE_IDENTIFIER = com.sudolikeanop.SudoKingTests;
				PRODUCT_NAME = "$(TARGET_NAME)";
				SWIFT_VERSION = 4.2;
				TEST_HOST = "$(BUILT_PRODUCTS_DIR)/SudoKing.app/Contents/MacOS/SudoKing";
			};
			name = Debug;
		};
		706E89F921CDA479009A633C /* Release */ = {
			isa = XCBuildConfiguration;
			buildSettings = {
				BUNDLE_LOADER = "$(TEST_HOST)";
				CODE_SIGN_STYLE = Automatic;
				COMBINE_HIDPI_IMAGES = YES;
				INFOPLIST_FILE = SudoKingTests/Info.plist;
				LD_RUNPATH_SEARCH_PATHS = (
					"$(inherited)",
					"@executable_path/../Frameworks",
					"@loader_path/../Frameworks",
				);
				PRODUCT_BUNDLE_IDENTIFIER = com.sudolikeanop.SudoKingTests;
				PRODUCT_NAME = "$(TARGET_NAME)";
				SWIFT_VERSION = 4.2;
				TEST_HOST = "$(BUILT_PRODUCTS_DIR)/SudoKing.app/Contents/MacOS/SudoKing";
			};
			name = Release;
		};
		70C7844621DA8197003AC37C /* Debug */ = {
			isa = XCBuildConfiguration;
			buildSettings = {
				CODE_SIGN_STYLE = Automatic;
				COMBINE_HIDPI_IMAGES = YES;
				INFOPLIST_FILE = SudoKingUITests/Info.plist;
				LD_RUNPATH_SEARCH_PATHS = (
					"$(inherited)",
					"@executable_path/../Frameworks",
					"@loader_path/../Frameworks",
				);
				PRODUCT_BUNDLE_IDENTIFIER = com.sudolikeanop.SudoKingUITests;
				PRODUCT_NAME = "$(TARGET_NAME)";
				SWIFT_VERSION = 4.2;
				TEST_TARGET_NAME = SudoKing;
			};
			name = Debug;
		};
		70C7844721DA8197003AC37C /* Release */ = {
			isa = XCBuildConfiguration;
			buildSettings = {
				CODE_SIGN_STYLE = Automatic;
				COMBINE_HIDPI_IMAGES = YES;
				INFOPLIST_FILE = SudoKingUITests/Info.plist;
				LD_RUNPATH_SEARCH_PATHS = (
					"$(inherited)",
					"@executable_path/../Frameworks",
					"@loader_path/../Frameworks",
				);
				PRODUCT_BUNDLE_IDENTIFIER = com.sudolikeanop.SudoKingUITests;
				PRODUCT_NAME = "$(TARGET_NAME)";
				SWIFT_VERSION = 4.2;
				TEST_TARGET_NAME = SudoKing;
			};
			name = Release;
		};
		B2BA67232199EC6C00ABC44A /* Debug */ = {
			isa = XCBuildConfiguration;
			buildSettings = {
				ALWAYS_SEARCH_USER_PATHS = NO;
				CLANG_ANALYZER_NONNULL = YES;
				CLANG_ANALYZER_NUMBER_OBJECT_CONVERSION = YES_AGGRESSIVE;
				CLANG_CXX_LANGUAGE_STANDARD = "gnu++14";
				CLANG_CXX_LIBRARY = "libc++";
				CLANG_ENABLE_MODULES = YES;
				CLANG_ENABLE_OBJC_ARC = YES;
				CLANG_ENABLE_OBJC_WEAK = YES;
				CLANG_WARN_BLOCK_CAPTURE_AUTORELEASING = YES;
				CLANG_WARN_BOOL_CONVERSION = YES;
				CLANG_WARN_COMMA = YES;
				CLANG_WARN_CONSTANT_CONVERSION = YES;
				CLANG_WARN_DEPRECATED_OBJC_IMPLEMENTATIONS = YES;
				CLANG_WARN_DIRECT_OBJC_ISA_USAGE = YES_ERROR;
				CLANG_WARN_DOCUMENTATION_COMMENTS = YES;
				CLANG_WARN_EMPTY_BODY = YES;
				CLANG_WARN_ENUM_CONVERSION = YES;
				CLANG_WARN_INFINITE_RECURSION = YES;
				CLANG_WARN_INT_CONVERSION = YES;
				CLANG_WARN_NON_LITERAL_NULL_CONVERSION = YES;
				CLANG_WARN_OBJC_IMPLICIT_RETAIN_SELF = YES;
				CLANG_WARN_OBJC_LITERAL_CONVERSION = YES;
				CLANG_WARN_OBJC_ROOT_CLASS = YES_ERROR;
				CLANG_WARN_RANGE_LOOP_ANALYSIS = YES;
				CLANG_WARN_STRICT_PROTOTYPES = YES;
				CLANG_WARN_SUSPICIOUS_MOVE = YES;
				CLANG_WARN_UNGUARDED_AVAILABILITY = YES_AGGRESSIVE;
				CLANG_WARN_UNREACHABLE_CODE = YES;
				CLANG_WARN__DUPLICATE_METHOD_MATCH = YES;
				CODE_SIGN_IDENTITY = "-";
				COPY_PHASE_STRIP = NO;
				DEBUG_INFORMATION_FORMAT = dwarf;
				ENABLE_STRICT_OBJC_MSGSEND = YES;
				ENABLE_TESTABILITY = YES;
				GCC_C_LANGUAGE_STANDARD = gnu11;
				GCC_DYNAMIC_NO_PIC = NO;
				GCC_NO_COMMON_BLOCKS = YES;
				GCC_OPTIMIZATION_LEVEL = 0;
				GCC_PREPROCESSOR_DEFINITIONS = (
					"DEBUG=1",
					"$(inherited)",
				);
				GCC_WARN_64_TO_32_BIT_CONVERSION = YES;
				GCC_WARN_ABOUT_RETURN_TYPE = YES_ERROR;
				GCC_WARN_UNDECLARED_SELECTOR = YES;
				GCC_WARN_UNINITIALIZED_AUTOS = YES_AGGRESSIVE;
				GCC_WARN_UNUSED_FUNCTION = YES;
				GCC_WARN_UNUSED_VARIABLE = YES;
				MACOSX_DEPLOYMENT_TARGET = 10.14;
				MTL_ENABLE_DEBUG_INFO = INCLUDE_SOURCE;
				MTL_FAST_MATH = YES;
				ONLY_ACTIVE_ARCH = YES;
				SDKROOT = macosx;
				SWIFT_ACTIVE_COMPILATION_CONDITIONS = DEBUG;
				SWIFT_OPTIMIZATION_LEVEL = "-Onone";
			};
			name = Debug;
		};
		B2BA67242199EC6C00ABC44A /* Release */ = {
			isa = XCBuildConfiguration;
			buildSettings = {
				ALWAYS_SEARCH_USER_PATHS = NO;
				CLANG_ANALYZER_NONNULL = YES;
				CLANG_ANALYZER_NUMBER_OBJECT_CONVERSION = YES_AGGRESSIVE;
				CLANG_CXX_LANGUAGE_STANDARD = "gnu++14";
				CLANG_CXX_LIBRARY = "libc++";
				CLANG_ENABLE_MODULES = YES;
				CLANG_ENABLE_OBJC_ARC = YES;
				CLANG_ENABLE_OBJC_WEAK = YES;
				CLANG_WARN_BLOCK_CAPTURE_AUTORELEASING = YES;
				CLANG_WARN_BOOL_CONVERSION = YES;
				CLANG_WARN_COMMA = YES;
				CLANG_WARN_CONSTANT_CONVERSION = YES;
				CLANG_WARN_DEPRECATED_OBJC_IMPLEMENTATIONS = YES;
				CLANG_WARN_DIRECT_OBJC_ISA_USAGE = YES_ERROR;
				CLANG_WARN_DOCUMENTATION_COMMENTS = YES;
				CLANG_WARN_EMPTY_BODY = YES;
				CLANG_WARN_ENUM_CONVERSION = YES;
				CLANG_WARN_INFINITE_RECURSION = YES;
				CLANG_WARN_INT_CONVERSION = YES;
				CLANG_WARN_NON_LITERAL_NULL_CONVERSION = YES;
				CLANG_WARN_OBJC_IMPLICIT_RETAIN_SELF = YES;
				CLANG_WARN_OBJC_LITERAL_CONVERSION = YES;
				CLANG_WARN_OBJC_ROOT_CLASS = YES_ERROR;
				CLANG_WARN_RANGE_LOOP_ANALYSIS = YES;
				CLANG_WARN_STRICT_PROTOTYPES = YES;
				CLANG_WARN_SUSPICIOUS_MOVE = YES;
				CLANG_WARN_UNGUARDED_AVAILABILITY = YES_AGGRESSIVE;
				CLANG_WARN_UNREACHABLE_CODE = YES;
				CLANG_WARN__DUPLICATE_METHOD_MATCH = YES;
				CODE_SIGN_IDENTITY = "-";
				COPY_PHASE_STRIP = NO;
				DEBUG_INFORMATION_FORMAT = "dwarf-with-dsym";
				ENABLE_NS_ASSERTIONS = NO;
				ENABLE_STRICT_OBJC_MSGSEND = YES;
				GCC_C_LANGUAGE_STANDARD = gnu11;
				GCC_NO_COMMON_BLOCKS = YES;
				GCC_WARN_64_TO_32_BIT_CONVERSION = YES;
				GCC_WARN_ABOUT_RETURN_TYPE = YES_ERROR;
				GCC_WARN_UNDECLARED_SELECTOR = YES;
				GCC_WARN_UNINITIALIZED_AUTOS = YES_AGGRESSIVE;
				GCC_WARN_UNUSED_FUNCTION = YES;
				GCC_WARN_UNUSED_VARIABLE = YES;
				MACOSX_DEPLOYMENT_TARGET = 10.14;
				MTL_ENABLE_DEBUG_INFO = NO;
				MTL_FAST_MATH = YES;
				SDKROOT = macosx;
				SWIFT_COMPILATION_MODE = wholemodule;
				SWIFT_OPTIMIZATION_LEVEL = "-O";
			};
			name = Release;
		};
		B2BA67262199EC6C00ABC44A /* Debug */ = {
			isa = XCBuildConfiguration;
			buildSettings = {
				ASSETCATALOG_COMPILER_APPICON_NAME = AppIcon;
				CODE_SIGN_STYLE = Automatic;
				COMBINE_HIDPI_IMAGES = YES;
				INFOPLIST_FILE = SudoKing/Info.plist;
				LD_RUNPATH_SEARCH_PATHS = (
					"$(inherited)",
					"@executable_path/../Frameworks",
				);
				PRODUCT_BUNDLE_IDENTIFIER = es.rusticul.SudoKing;
				PRODUCT_NAME = "$(TARGET_NAME)";
				SWIFT_VERSION = 4.2;
			};
			name = Debug;
		};
		B2BA67272199EC6C00ABC44A /* Release */ = {
			isa = XCBuildConfiguration;
			buildSettings = {
				ASSETCATALOG_COMPILER_APPICON_NAME = AppIcon;
				CODE_SIGN_STYLE = Automatic;
				COMBINE_HIDPI_IMAGES = YES;
				INFOPLIST_FILE = SudoKing/Info.plist;
				LD_RUNPATH_SEARCH_PATHS = (
					"$(inherited)",
					"@executable_path/../Frameworks",
				);
				PRODUCT_BUNDLE_IDENTIFIER = es.rusticul.SudoKing;
				PRODUCT_NAME = "$(TARGET_NAME)";
				SWIFT_VERSION = 4.2;
			};
			name = Release;
		};
/* End XCBuildConfiguration section */

/* Begin XCConfigurationList section */
		706E89FA21CDA479009A633C /* Build configuration list for PBXNativeTarget "SudoKingTests" */ = {
			isa = XCConfigurationList;
			buildConfigurations = (
				706E89F821CDA479009A633C /* Debug */,
				706E89F921CDA479009A633C /* Release */,
			);
			defaultConfigurationIsVisible = 0;
			defaultConfigurationName = Release;
		};
		70C7844821DA8197003AC37C /* Build configuration list for PBXNativeTarget "SudoKingUITests" */ = {
			isa = XCConfigurationList;
			buildConfigurations = (
				70C7844621DA8197003AC37C /* Debug */,
				70C7844721DA8197003AC37C /* Release */,
			);
			defaultConfigurationIsVisible = 0;
			defaultConfigurationName = Release;
		};
		B2BA66FA2199EC6A00ABC44A /* Build configuration list for PBXProject "SudoKing" */ = {
			isa = XCConfigurationList;
			buildConfigurations = (
				B2BA67232199EC6C00ABC44A /* Debug */,
				B2BA67242199EC6C00ABC44A /* Release */,
			);
			defaultConfigurationIsVisible = 0;
			defaultConfigurationName = Release;
		};
		B2BA67252199EC6C00ABC44A /* Build configuration list for PBXNativeTarget "SudoKing" */ = {
			isa = XCConfigurationList;
			buildConfigurations = (
				B2BA67262199EC6C00ABC44A /* Debug */,
				B2BA67272199EC6C00ABC44A /* Release */,
			);
			defaultConfigurationIsVisible = 0;
			defaultConfigurationName = Release;
		};
/* End XCConfigurationList section */
	};
	rootObject = B2BA66F72199EC6A00ABC44A /* Project object */;
}
