// !$*UTF8*$!
{
	archiveVersion = 1;
	classes = {
	};
	objectVersion = 50;
	objects = {

/* Begin PBXBuildFile section */
		7030669421C6A23F007488C8 /* PasswordError.swift in Sources */ = {isa = PBXBuildFile; fileRef = 7030669321C6A23F007488C8 /* PasswordError.swift */; };
		7030669621C6AEBF007488C8 /* OnePasswordError.swift in Sources */ = {isa = PBXBuildFile; fileRef = 7030669521C6AEBF007488C8 /* OnePasswordError.swift */; };
		7038FD9221B85C9100AE26BA /* PasswordListItem.swift in Sources */ = {isa = PBXBuildFile; fileRef = 7038FD9121B85C9100AE26BA /* PasswordListItem.swift */; };
		7038FD9421B8657300AE26BA /* PasswordLibrary.swift in Sources */ = {isa = PBXBuildFile; fileRef = 7038FD9321B8657300AE26BA /* PasswordLibrary.swift */; };
		7038FD9621B8734500AE26BA /* PasswordLibraryFactory.swift in Sources */ = {isa = PBXBuildFile; fileRef = 7038FD9521B8734500AE26BA /* PasswordLibraryFactory.swift */; };
		7038FD9821B89B7B00AE26BA /* OPListItem.swift in Sources */ = {isa = PBXBuildFile; fileRef = 7038FD9721B89B7B00AE26BA /* OPListItem.swift */; };
		7038FD9A21B89EA200AE26BA /* OPPasswordItem.swift in Sources */ = {isa = PBXBuildFile; fileRef = 7038FD9921B89EA200AE26BA /* OPPasswordItem.swift */; };
		7038FD9E21B9A43400AE26BA /* OnePasswordConfig.swift in Sources */ = {isa = PBXBuildFile; fileRef = 7038FD9D21B9A43400AE26BA /* OnePasswordConfig.swift */; };
		7038FDA321B9A4C600AE26BA /* OnePasswordSessionManager.swift in Sources */ = {isa = PBXBuildFile; fileRef = 7038FDA221B9A4C600AE26BA /* OnePasswordSessionManager.swift */; };
		7038FDA521BAD63400AE26BA /* BashUtility.swift in Sources */ = {isa = PBXBuildFile; fileRef = 7038FDA421BAD63400AE26BA /* BashUtility.swift */; };
		7090347421A86914002C3FF1 /* Log.swift in Sources */ = {isa = PBXBuildFile; fileRef = 7090347321A86914002C3FF1 /* Log.swift */; };
		7090347721A8A4AC002C3FF1 /* OnePasswordLibrary.swift in Sources */ = {isa = PBXBuildFile; fileRef = 7090347621A8A4AC002C3FF1 /* OnePasswordLibrary.swift */; };
		70969B8121A842E200E7D011 /* MainWindowController.swift in Sources */ = {isa = PBXBuildFile; fileRef = 70969B8021A842E200E7D011 /* MainWindowController.swift */; };
		70969B8521A8473100E7D011 /* PasswordPromptController.swift in Sources */ = {isa = PBXBuildFile; fileRef = 70969B8421A8473100E7D011 /* PasswordPromptController.swift */; };
		7096F33421BB37140048585D /* OnePasswordConfigManager.swift in Sources */ = {isa = PBXBuildFile; fileRef = 7096F33321BB37140048585D /* OnePasswordConfigManager.swift */; };
		70AE4EA921BC1C0F009BE836 /* README.md in Resources */ = {isa = PBXBuildFile; fileRef = 70AE4EA821BC1C0F009BE836 /* README.md */; };
		B2A6DF7F21A6083C0033BB21 /* PasswordListController.swift in Sources */ = {isa = PBXBuildFile; fileRef = B2A6DF7D21A6083C0033BB21 /* PasswordListController.swift */; };
		B2BA67032199EC6A00ABC44A /* AppDelegate.swift in Sources */ = {isa = PBXBuildFile; fileRef = B2BA67022199EC6A00ABC44A /* AppDelegate.swift */; };
		B2BA67072199EC6B00ABC44A /* Assets.xcassets in Resources */ = {isa = PBXBuildFile; fileRef = B2BA67062199EC6B00ABC44A /* Assets.xcassets */; };
		B2BA670A2199EC6C00ABC44A /* Main.storyboard in Resources */ = {isa = PBXBuildFile; fileRef = B2BA67082199EC6C00ABC44A /* Main.storyboard */; };
/* End PBXBuildFile section */

/* Begin PBXFileReference section */
		7030669321C6A23F007488C8 /* PasswordError.swift */ = {isa = PBXFileReference; lastKnownFileType = sourcecode.swift; path = PasswordError.swift; sourceTree = "<group>"; };
		7030669521C6AEBF007488C8 /* OnePasswordError.swift */ = {isa = PBXFileReference; fileEncoding = 4; lastKnownFileType = sourcecode.swift; path = OnePasswordError.swift; sourceTree = "<group>"; };
		7038FD9121B85C9100AE26BA /* PasswordListItem.swift */ = {isa = PBXFileReference; lastKnownFileType = sourcecode.swift; path = PasswordListItem.swift; sourceTree = "<group>"; };
		7038FD9321B8657300AE26BA /* PasswordLibrary.swift */ = {isa = PBXFileReference; lastKnownFileType = sourcecode.swift; path = PasswordLibrary.swift; sourceTree = "<group>"; };
		7038FD9521B8734500AE26BA /* PasswordLibraryFactory.swift */ = {isa = PBXFileReference; lastKnownFileType = sourcecode.swift; path = PasswordLibraryFactory.swift; sourceTree = "<group>"; };
		7038FD9721B89B7B00AE26BA /* OPListItem.swift */ = {isa = PBXFileReference; lastKnownFileType = sourcecode.swift; path = OPListItem.swift; sourceTree = "<group>"; };
		7038FD9921B89EA200AE26BA /* OPPasswordItem.swift */ = {isa = PBXFileReference; lastKnownFileType = sourcecode.swift; path = OPPasswordItem.swift; sourceTree = "<group>"; };
		7038FD9D21B9A43400AE26BA /* OnePasswordConfig.swift */ = {isa = PBXFileReference; lastKnownFileType = sourcecode.swift; path = OnePasswordConfig.swift; sourceTree = "<group>"; };
		7038FDA221B9A4C600AE26BA /* OnePasswordSessionManager.swift */ = {isa = PBXFileReference; lastKnownFileType = sourcecode.swift; path = OnePasswordSessionManager.swift; sourceTree = "<group>"; };
		7038FDA421BAD63400AE26BA /* BashUtility.swift */ = {isa = PBXFileReference; lastKnownFileType = sourcecode.swift; path = BashUtility.swift; sourceTree = "<group>"; };
		7090347321A86914002C3FF1 /* Log.swift */ = {isa = PBXFileReference; lastKnownFileType = sourcecode.swift; path = Log.swift; sourceTree = "<group>"; };
		7090347621A8A4AC002C3FF1 /* OnePasswordLibrary.swift */ = {isa = PBXFileReference; lastKnownFileType = sourcecode.swift; path = OnePasswordLibrary.swift; sourceTree = "<group>"; };
		70969B8021A842E200E7D011 /* MainWindowController.swift */ = {isa = PBXFileReference; lastKnownFileType = sourcecode.swift; path = MainWindowController.swift; sourceTree = "<group>"; };
		70969B8421A8473100E7D011 /* PasswordPromptController.swift */ = {isa = PBXFileReference; lastKnownFileType = sourcecode.swift; path = PasswordPromptController.swift; sourceTree = "<group>"; };
		7096F33321BB37140048585D /* OnePasswordConfigManager.swift */ = {isa = PBXFileReference; lastKnownFileType = sourcecode.swift; path = OnePasswordConfigManager.swift; sourceTree = "<group>"; };
		70AE4EA821BC1C0F009BE836 /* README.md */ = {isa = PBXFileReference; fileEncoding = 4; lastKnownFileType = net.daringfireball.markdown; path = README.md; sourceTree = "<group>"; };
		B2A6DF7D21A6083C0033BB21 /* PasswordListController.swift */ = {isa = PBXFileReference; lastKnownFileType = sourcecode.swift; path = PasswordListController.swift; sourceTree = "<group>"; };
		B2BA66FF2199EC6A00ABC44A /* SudoLikeAnOP.app */ = {isa = PBXFileReference; explicitFileType = wrapper.application; includeInIndex = 0; path = SudoLikeAnOP.app; sourceTree = BUILT_PRODUCTS_DIR; };
		B2BA67022199EC6A00ABC44A /* AppDelegate.swift */ = {isa = PBXFileReference; lastKnownFileType = sourcecode.swift; path = AppDelegate.swift; sourceTree = "<group>"; };
		B2BA67062199EC6B00ABC44A /* Assets.xcassets */ = {isa = PBXFileReference; lastKnownFileType = folder.assetcatalog; path = Assets.xcassets; sourceTree = "<group>"; };
		B2BA67092199EC6C00ABC44A /* Base */ = {isa = PBXFileReference; lastKnownFileType = file.storyboard; name = Base; path = Base.lproj/Main.storyboard; sourceTree = "<group>"; };
		B2BA670B2199EC6C00ABC44A /* Info.plist */ = {isa = PBXFileReference; lastKnownFileType = text.plist.xml; path = Info.plist; sourceTree = "<group>"; };
		B2BA670C2199EC6C00ABC44A /* SudoLikeAnOP.entitlements */ = {isa = PBXFileReference; lastKnownFileType = text.plist.entitlements; path = SudoLikeAnOP.entitlements; sourceTree = "<group>"; };
/* End PBXFileReference section */

/* Begin PBXFrameworksBuildPhase section */
		B2BA66FC2199EC6A00ABC44A /* Frameworks */ = {
			isa = PBXFrameworksBuildPhase;
			buildActionMask = 2147483647;
			files = (
			);
			runOnlyForDeploymentPostprocessing = 0;
		};
/* End PBXFrameworksBuildPhase section */

/* Begin PBXGroup section */
		7038FD8F21B85C6700AE26BA /* PasswordLibrary */ = {
			isa = PBXGroup;
			children = (
				7038FD9021B85C7700AE26BA /* OnePassword */,
				7038FD9121B85C9100AE26BA /* PasswordListItem.swift */,
				7038FD9321B8657300AE26BA /* PasswordLibrary.swift */,
				7038FD9521B8734500AE26BA /* PasswordLibraryFactory.swift */,
				7030669321C6A23F007488C8 /* PasswordError.swift */,
			);
			path = PasswordLibrary;
			sourceTree = "<group>";
		};
		7038FD9021B85C7700AE26BA /* OnePassword */ = {
			isa = PBXGroup;
			children = (
				7030669521C6AEBF007488C8 /* OnePasswordError.swift */,
				7090347621A8A4AC002C3FF1 /* OnePasswordLibrary.swift */,
				7038FD9721B89B7B00AE26BA /* OPListItem.swift */,
				7038FD9921B89EA200AE26BA /* OPPasswordItem.swift */,
				7038FD9D21B9A43400AE26BA /* OnePasswordConfig.swift */,
				7038FDA221B9A4C600AE26BA /* OnePasswordSessionManager.swift */,
				7096F33321BB37140048585D /* OnePasswordConfigManager.swift */,
			);
			path = OnePassword;
			sourceTree = "<group>";
		};
		7090347221A866E5002C3FF1 /* Utilities */ = {
			isa = PBXGroup;
			children = (
				7038FD8F21B85C6700AE26BA /* PasswordLibrary */,
				7090347321A86914002C3FF1 /* Log.swift */,
				7038FDA421BAD63400AE26BA /* BashUtility.swift */,
			);
			path = Utilities;
			sourceTree = "<group>";
		};
		70969B7F21A8415300E7D011 /* Controllers */ = {
			isa = PBXGroup;
			children = (
				B2A6DF7D21A6083C0033BB21 /* PasswordListController.swift */,
				70969B8021A842E200E7D011 /* MainWindowController.swift */,
				70969B8421A8473100E7D011 /* PasswordPromptController.swift */,
			);
			path = Controllers;
			sourceTree = "<group>";
		};
		B2BA66F62199EC6A00ABC44A = {
			isa = PBXGroup;
			children = (
				B2BA67012199EC6A00ABC44A /* SudoLikeAnOP */,
				B2BA67002199EC6A00ABC44A /* Products */,
				70AE4EA821BC1C0F009BE836 /* README.md */,
			);
			sourceTree = "<group>";
		};
		B2BA67002199EC6A00ABC44A /* Products */ = {
			isa = PBXGroup;
			children = (
				B2BA66FF2199EC6A00ABC44A /* SudoLikeAnOP.app */,
			);
			name = Products;
			sourceTree = "<group>";
		};
		B2BA67012199EC6A00ABC44A /* SudoLikeAnOP */ = {
			isa = PBXGroup;
			children = (
				7090347221A866E5002C3FF1 /* Utilities */,
				70969B7F21A8415300E7D011 /* Controllers */,
				B2BA67022199EC6A00ABC44A /* AppDelegate.swift */,
				B2BA67062199EC6B00ABC44A /* Assets.xcassets */,
				B2BA670B2199EC6C00ABC44A /* Info.plist */,
				B2BA670C2199EC6C00ABC44A /* SudoLikeAnOP.entitlements */,
				B2BA67082199EC6C00ABC44A /* Main.storyboard */,
			);
			path = SudoLikeAnOP;
			sourceTree = "<group>";
		};
/* End PBXGroup section */

/* Begin PBXNativeTarget section */
		B2BA66FE2199EC6A00ABC44A /* SudoLikeAnOP */ = {
			isa = PBXNativeTarget;
			buildConfigurationList = B2BA67252199EC6C00ABC44A /* Build configuration list for PBXNativeTarget "SudoLikeAnOP" */;
			buildPhases = (
				B2BA66FB2199EC6A00ABC44A /* Sources */,
				B2BA66FC2199EC6A00ABC44A /* Frameworks */,
				B2BA66FD2199EC6A00ABC44A /* Resources */,
			);
			buildRules = (
			);
			dependencies = (
			);
			name = SudoLikeAnOP;
			productName = SudoLikeAnOP;
			productReference = B2BA66FF2199EC6A00ABC44A /* SudoLikeAnOP.app */;
			productType = "com.apple.product-type.application";
		};
/* End PBXNativeTarget section */

/* Begin PBXProject section */
		B2BA66F72199EC6A00ABC44A /* Project object */ = {
			isa = PBXProject;
			attributes = {
				LastSwiftUpdateCheck = 1010;
				LastUpgradeCheck = 1010;
				ORGANIZATIONNAME = "Russell Teabeault";
				TargetAttributes = {
					B2BA66FE2199EC6A00ABC44A = {
						CreatedOnToolsVersion = 10.1;
						SystemCapabilities = {
							com.apple.Sandbox = {
								enabled = 0;
							};
						};
					};
				};
			};
			buildConfigurationList = B2BA66FA2199EC6A00ABC44A /* Build configuration list for PBXProject "SudoLikeAnOP" */;
			compatibilityVersion = "Xcode 9.3";
			developmentRegion = en;
			hasScannedForEncodings = 0;
			knownRegions = (
				en,
				Base,
			);
			mainGroup = B2BA66F62199EC6A00ABC44A;
			productRefGroup = B2BA67002199EC6A00ABC44A /* Products */;
			projectDirPath = "";
			projectRoot = "";
			targets = (
				B2BA66FE2199EC6A00ABC44A /* SudoLikeAnOP */,
			);
		};
/* End PBXProject section */

/* Begin PBXResourcesBuildPhase section */
		B2BA66FD2199EC6A00ABC44A /* Resources */ = {
			isa = PBXResourcesBuildPhase;
			buildActionMask = 2147483647;
			files = (
				70AE4EA921BC1C0F009BE836 /* README.md in Resources */,
				B2BA67072199EC6B00ABC44A /* Assets.xcassets in Resources */,
				B2BA670A2199EC6C00ABC44A /* Main.storyboard in Resources */,
			);
			runOnlyForDeploymentPostprocessing = 0;
		};
/* End PBXResourcesBuildPhase section */

/* Begin PBXSourcesBuildPhase section */
		B2BA66FB2199EC6A00ABC44A /* Sources */ = {
			isa = PBXSourcesBuildPhase;
			buildActionMask = 2147483647;
			files = (
				7038FD9421B8657300AE26BA /* PasswordLibrary.swift in Sources */,
				7038FD9A21B89EA200AE26BA /* OPPasswordItem.swift in Sources */,
				7038FDA521BAD63400AE26BA /* BashUtility.swift in Sources */,
				7038FDA321B9A4C600AE26BA /* OnePasswordSessionManager.swift in Sources */,
				7038FD9621B8734500AE26BA /* PasswordLibraryFactory.swift in Sources */,
				7090347421A86914002C3FF1 /* Log.swift in Sources */,
				7096F33421BB37140048585D /* OnePasswordConfigManager.swift in Sources */,
				7090347721A8A4AC002C3FF1 /* OnePasswordLibrary.swift in Sources */,
				7038FD9221B85C9100AE26BA /* PasswordListItem.swift in Sources */,
				7038FD9821B89B7B00AE26BA /* OPListItem.swift in Sources */,
				B2A6DF7F21A6083C0033BB21 /* PasswordListController.swift in Sources */,
				B2BA67032199EC6A00ABC44A /* AppDelegate.swift in Sources */,
				7038FD9E21B9A43400AE26BA /* OnePasswordConfig.swift in Sources */,
				7030669621C6AEBF007488C8 /* OnePasswordError.swift in Sources */,
				70969B8521A8473100E7D011 /* PasswordPromptController.swift in Sources */,
				7030669421C6A23F007488C8 /* PasswordError.swift in Sources */,
				70969B8121A842E200E7D011 /* MainWindowController.swift in Sources */,
			);
			runOnlyForDeploymentPostprocessing = 0;
		};
/* End PBXSourcesBuildPhase section */

/* Begin PBXVariantGroup section */
		B2BA67082199EC6C00ABC44A /* Main.storyboard */ = {
			isa = PBXVariantGroup;
			children = (
				B2BA67092199EC6C00ABC44A /* Base */,
			);
			name = Main.storyboard;
			sourceTree = "<group>";
		};
/* End PBXVariantGroup section */

/* Begin XCBuildConfiguration section */
		B2BA67232199EC6C00ABC44A /* Debug */ = {
			isa = XCBuildConfiguration;
			buildSettings = {
				ALWAYS_SEARCH_USER_PATHS = NO;
				CLANG_ANALYZER_NONNULL = YES;
				CLANG_ANALYZER_NUMBER_OBJECT_CONVERSION = YES_AGGRESSIVE;
				CLANG_CXX_LANGUAGE_STANDARD = "gnu++14";
				CLANG_CXX_LIBRARY = "libc++";
				CLANG_ENABLE_MODULES = YES;
				CLANG_ENABLE_OBJC_ARC = YES;
				CLANG_ENABLE_OBJC_WEAK = YES;
				CLANG_WARN_BLOCK_CAPTURE_AUTORELEASING = YES;
				CLANG_WARN_BOOL_CONVERSION = YES;
				CLANG_WARN_COMMA = YES;
				CLANG_WARN_CONSTANT_CONVERSION = YES;
				CLANG_WARN_DEPRECATED_OBJC_IMPLEMENTATIONS = YES;
				CLANG_WARN_DIRECT_OBJC_ISA_USAGE = YES_ERROR;
				CLANG_WARN_DOCUMENTATION_COMMENTS = YES;
				CLANG_WARN_EMPTY_BODY = YES;
				CLANG_WARN_ENUM_CONVERSION = YES;
				CLANG_WARN_INFINITE_RECURSION = YES;
				CLANG_WARN_INT_CONVERSION = YES;
				CLANG_WARN_NON_LITERAL_NULL_CONVERSION = YES;
				CLANG_WARN_OBJC_IMPLICIT_RETAIN_SELF = YES;
				CLANG_WARN_OBJC_LITERAL_CONVERSION = YES;
				CLANG_WARN_OBJC_ROOT_CLASS = YES_ERROR;
				CLANG_WARN_RANGE_LOOP_ANALYSIS = YES;
				CLANG_WARN_STRICT_PROTOTYPES = YES;
				CLANG_WARN_SUSPICIOUS_MOVE = YES;
				CLANG_WARN_UNGUARDED_AVAILABILITY = YES_AGGRESSIVE;
				CLANG_WARN_UNREACHABLE_CODE = YES;
				CLANG_WARN__DUPLICATE_METHOD_MATCH = YES;
				CODE_SIGN_IDENTITY = "-";
				COPY_PHASE_STRIP = NO;
				DEBUG_INFORMATION_FORMAT = dwarf;
				ENABLE_STRICT_OBJC_MSGSEND = YES;
				ENABLE_TESTABILITY = YES;
				GCC_C_LANGUAGE_STANDARD = gnu11;
				GCC_DYNAMIC_NO_PIC = NO;
				GCC_NO_COMMON_BLOCKS = YES;
				GCC_OPTIMIZATION_LEVEL = 0;
				GCC_PREPROCESSOR_DEFINITIONS = (
					"DEBUG=1",
					"$(inherited)",
				);
				GCC_WARN_64_TO_32_BIT_CONVERSION = YES;
				GCC_WARN_ABOUT_RETURN_TYPE = YES_ERROR;
				GCC_WARN_UNDECLARED_SELECTOR = YES;
				GCC_WARN_UNINITIALIZED_AUTOS = YES_AGGRESSIVE;
				GCC_WARN_UNUSED_FUNCTION = YES;
				GCC_WARN_UNUSED_VARIABLE = YES;
				MACOSX_DEPLOYMENT_TARGET = 10.14;
				MTL_ENABLE_DEBUG_INFO = INCLUDE_SOURCE;
				MTL_FAST_MATH = YES;
				ONLY_ACTIVE_ARCH = YES;
				SDKROOT = macosx;
				SWIFT_ACTIVE_COMPILATION_CONDITIONS = DEBUG;
				SWIFT_OPTIMIZATION_LEVEL = "-Onone";
			};
			name = Debug;
		};
		B2BA67242199EC6C00ABC44A /* Release */ = {
			isa = XCBuildConfiguration;
			buildSettings = {
				ALWAYS_SEARCH_USER_PATHS = NO;
				CLANG_ANALYZER_NONNULL = YES;
				CLANG_ANALYZER_NUMBER_OBJECT_CONVERSION = YES_AGGRESSIVE;
				CLANG_CXX_LANGUAGE_STANDARD = "gnu++14";
				CLANG_CXX_LIBRARY = "libc++";
				CLANG_ENABLE_MODULES = YES;
				CLANG_ENABLE_OBJC_ARC = YES;
				CLANG_ENABLE_OBJC_WEAK = YES;
				CLANG_WARN_BLOCK_CAPTURE_AUTORELEASING = YES;
				CLANG_WARN_BOOL_CONVERSION = YES;
				CLANG_WARN_COMMA = YES;
				CLANG_WARN_CONSTANT_CONVERSION = YES;
				CLANG_WARN_DEPRECATED_OBJC_IMPLEMENTATIONS = YES;
				CLANG_WARN_DIRECT_OBJC_ISA_USAGE = YES_ERROR;
				CLANG_WARN_DOCUMENTATION_COMMENTS = YES;
				CLANG_WARN_EMPTY_BODY = YES;
				CLANG_WARN_ENUM_CONVERSION = YES;
				CLANG_WARN_INFINITE_RECURSION = YES;
				CLANG_WARN_INT_CONVERSION = YES;
				CLANG_WARN_NON_LITERAL_NULL_CONVERSION = YES;
				CLANG_WARN_OBJC_IMPLICIT_RETAIN_SELF = YES;
				CLANG_WARN_OBJC_LITERAL_CONVERSION = YES;
				CLANG_WARN_OBJC_ROOT_CLASS = YES_ERROR;
				CLANG_WARN_RANGE_LOOP_ANALYSIS = YES;
				CLANG_WARN_STRICT_PROTOTYPES = YES;
				CLANG_WARN_SUSPICIOUS_MOVE = YES;
				CLANG_WARN_UNGUARDED_AVAILABILITY = YES_AGGRESSIVE;
				CLANG_WARN_UNREACHABLE_CODE = YES;
				CLANG_WARN__DUPLICATE_METHOD_MATCH = YES;
				CODE_SIGN_IDENTITY = "-";
				COPY_PHASE_STRIP = NO;
				DEBUG_INFORMATION_FORMAT = "dwarf-with-dsym";
				ENABLE_NS_ASSERTIONS = NO;
				ENABLE_STRICT_OBJC_MSGSEND = YES;
				GCC_C_LANGUAGE_STANDARD = gnu11;
				GCC_NO_COMMON_BLOCKS = YES;
				GCC_WARN_64_TO_32_BIT_CONVERSION = YES;
				GCC_WARN_ABOUT_RETURN_TYPE = YES_ERROR;
				GCC_WARN_UNDECLARED_SELECTOR = YES;
				GCC_WARN_UNINITIALIZED_AUTOS = YES_AGGRESSIVE;
				GCC_WARN_UNUSED_FUNCTION = YES;
				GCC_WARN_UNUSED_VARIABLE = YES;
				MACOSX_DEPLOYMENT_TARGET = 10.14;
				MTL_ENABLE_DEBUG_INFO = NO;
				MTL_FAST_MATH = YES;
				SDKROOT = macosx;
				SWIFT_COMPILATION_MODE = wholemodule;
				SWIFT_OPTIMIZATION_LEVEL = "-O";
			};
			name = Release;
		};
		B2BA67262199EC6C00ABC44A /* Debug */ = {
			isa = XCBuildConfiguration;
			buildSettings = {
				ASSETCATALOG_COMPILER_APPICON_NAME = AppIcon;
				CODE_SIGN_STYLE = Automatic;
				COMBINE_HIDPI_IMAGES = YES;
				INFOPLIST_FILE = SudoLikeAnOP/Info.plist;
				LD_RUNPATH_SEARCH_PATHS = (
					"$(inherited)",
					"@executable_path/../Frameworks",
				);
				PRODUCT_BUNDLE_IDENTIFIER = es.rusticul.SudoLikeAnOP;
				PRODUCT_NAME = "$(TARGET_NAME)";
				SWIFT_VERSION = 4.2;
			};
			name = Debug;
		};
		B2BA67272199EC6C00ABC44A /* Release */ = {
			isa = XCBuildConfiguration;
			buildSettings = {
				ASSETCATALOG_COMPILER_APPICON_NAME = AppIcon;
				CODE_SIGN_STYLE = Automatic;
				COMBINE_HIDPI_IMAGES = YES;
				INFOPLIST_FILE = SudoLikeAnOP/Info.plist;
				LD_RUNPATH_SEARCH_PATHS = (
					"$(inherited)",
					"@executable_path/../Frameworks",
				);
				PRODUCT_BUNDLE_IDENTIFIER = es.rusticul.SudoLikeAnOP;
				PRODUCT_NAME = "$(TARGET_NAME)";
				SWIFT_VERSION = 4.2;
			};
			name = Release;
		};
/* End XCBuildConfiguration section */

/* Begin XCConfigurationList section */
		B2BA66FA2199EC6A00ABC44A /* Build configuration list for PBXProject "SudoLikeAnOP" */ = {
			isa = XCConfigurationList;
			buildConfigurations = (
				B2BA67232199EC6C00ABC44A /* Debug */,
				B2BA67242199EC6C00ABC44A /* Release */,
			);
			defaultConfigurationIsVisible = 0;
			defaultConfigurationName = Release;
		};
		B2BA67252199EC6C00ABC44A /* Build configuration list for PBXNativeTarget "SudoLikeAnOP" */ = {
			isa = XCConfigurationList;
			buildConfigurations = (
				B2BA67262199EC6C00ABC44A /* Debug */,
				B2BA67272199EC6C00ABC44A /* Release */,
			);
			defaultConfigurationIsVisible = 0;
			defaultConfigurationName = Release;
		};
/* End XCConfigurationList section */
	};
	rootObject = B2BA66F72199EC6A00ABC44A /* Project object */;
}
